
Microsoft Visual Studio Solution File, Format Version 12.00
# Visual Studio Version 16
VisualStudioVersion = 16.0.29418.71
MinimumVisualStudioVersion = 10.0.40219.1
Project("{FAE04EC0-301F-11D3-BF4B-00C04F79EFBC}") = "App01_ConsultarCEP.UWP", "App01_ConsultarCEP\App01_ConsultarCEP.UWP\App01_ConsultarCEP.UWP.csproj", "{7742AA9A-3534-44E5-8EFA-ECF6B54C01F3}"
EndProject
Project("{FAE04EC0-301F-11D3-BF4B-00C04F79EFBC}") = "App01_ConsultarCEP.Android", "App01_ConsultarCEP\App01_ConsultarCEP.Android\App01_ConsultarCEP.Android.csproj", "{A0350B84-AFC8-4102-BDC6-336F56344CCE}"
EndProject
Project("{FAE04EC0-301F-11D3-BF4B-00C04F79EFBC}") = "App01_ConsultarCEP.iOS", "App01_ConsultarCEP\App01_ConsultarCEP.iOS\App01_ConsultarCEP.iOS.csproj", "{67B6CD25-0655-421F-AAEC-E39514BA8B6B}"
EndProject
Project("{FAE04EC0-301F-11D3-BF4B-00C04F79EFBC}") = "App01_ConsultarCEP", "App01_ConsultarCEP\App01_ConsultarCEP\App01_ConsultarCEP.csproj", "{45510441-ACAC-493C-A039-A05B2B924422}"
EndProject
Global
	GlobalSection(SolutionConfigurationPlatforms) = preSolution
		Debug|Any CPU = Debug|Any CPU
		Debug|ARM = Debug|ARM
		Debug|iPhone = Debug|iPhone
		Debug|iPhoneSimulator = Debug|iPhoneSimulator
		Debug|x64 = Debug|x64
		Debug|x86 = Debug|x86
		Release|Any CPU = Release|Any CPU
		Release|ARM = Release|ARM
		Release|iPhone = Release|iPhone
		Release|iPhoneSimulator = Release|iPhoneSimulator
		Release|x64 = Release|x64
		Release|x86 = Release|x86
	EndGlobalSection
	GlobalSection(ProjectConfigurationPlatforms) = postSolution
		{7742AA9A-3534-44E5-8EFA-ECF6B54C01F3}.Debug|Any CPU.ActiveCfg = Debug|x86
		{7742AA9A-3534-44E5-8EFA-ECF6B54C01F3}.Debug|Any CPU.Build.0 = Debug|x86
		{7742AA9A-3534-44E5-8EFA-ECF6B54C01F3}.Debug|Any CPU.Deploy.0 = Debug|x86
		{7742AA9A-3534-44E5-8EFA-ECF6B54C01F3}.Debug|ARM.ActiveCfg = Debug|ARM
		{7742AA9A-3534-44E5-8EFA-ECF6B54C01F3}.Debug|ARM.Build.0 = Debug|ARM
		{7742AA9A-3534-44E5-8EFA-ECF6B54C01F3}.Debug|ARM.Deploy.0 = Debug|ARM
		{7742AA9A-3534-44E5-8EFA-ECF6B54C01F3}.Debug|iPhone.ActiveCfg = Debug|x86
		{7742AA9A-3534-44E5-8EFA-ECF6B54C01F3}.Debug|iPhone.Build.0 = Debug|x86
		{7742AA9A-3534-44E5-8EFA-ECF6B54C01F3}.Debug|iPhone.Deploy.0 = Debug|x86
		{7742AA9A-3534-44E5-8EFA-ECF6B54C01F3}.Debug|iPhoneSimulator.ActiveCfg = Debug|x86
		{7742AA9A-3534-44E5-8EFA-ECF6B54C01F3}.Debug|iPhoneSimulator.Build.0 = Debug|x86
		{7742AA9A-3534-44E5-8EFA-ECF6B54C01F3}.Debug|iPhoneSimulator.Deploy.0 = Debug|x86
		{7742AA9A-3534-44E5-8EFA-ECF6B54C01F3}.Debug|x64.ActiveCfg = Debug|x64
		{7742AA9A-3534-44E5-8EFA-ECF6B54C01F3}.Debug|x64.Build.0 = Debug|x64
		{7742AA9A-3534-44E5-8EFA-ECF6B54C01F3}.Debug|x64.Deploy.0 = Debug|x64
		{7742AA9A-3534-44E5-8EFA-ECF6B54C01F3}.Debug|x86.ActiveCfg = Debug|x86
		{7742AA9A-3534-44E5-8EFA-ECF6B54C01F3}.Debug|x86.Build.0 = Debug|x86
		{7742AA9A-3534-44E5-8EFA-ECF6B54C01F3}.Debug|x86.Deploy.0 = Debug|x86
		{7742AA9A-3534-44E5-8EFA-ECF6B54C01F3}.Release|Any CPU.ActiveCfg = Release|x86
		{7742AA9A-3534-44E5-8EFA-ECF6B54C01F3}.Release|Any CPU.Build.0 = Release|x86
		{7742AA9A-3534-44E5-8EFA-ECF6B54C01F3}.Release|Any CPU.Deploy.0 = Release|x86
		{7742AA9A-3534-44E5-8EFA-ECF6B54C01F3}.Release|ARM.ActiveCfg = Release|ARM
		{7742AA9A-3534-44E5-8EFA-ECF6B54C01F3}.Release|ARM.Build.0 = Release|ARM
		{7742AA9A-3534-44E5-8EFA-ECF6B54C01F3}.Release|ARM.Deploy.0 = Release|ARM
		{7742AA9A-3534-44E5-8EFA-ECF6B54C01F3}.Release|iPhone.ActiveCfg = Release|x86
		{7742AA9A-3534-44E5-8EFA-ECF6B54C01F3}.Release|iPhone.Build.0 = Release|x86
		{7742AA9A-3534-44E5-8EFA-ECF6B54C01F3}.Release|iPhone.Deploy.0 = Release|x86
		{7742AA9A-3534-44E5-8EFA-ECF6B54C01F3}.Release|iPhoneSimulator.ActiveCfg = Release|x86
		{7742AA9A-3534-44E5-8EFA-ECF6B54C01F3}.Release|iPhoneSimulator.Build.0 = Release|x86
		{7742AA9A-3534-44E5-8EFA-ECF6B54C01F3}.Release|iPhoneSimulator.Deploy.0 = Release|x86
		{7742AA9A-3534-44E5-8EFA-ECF6B54C01F3}.Release|x64.ActiveCfg = Release|x64
		{7742AA9A-3534-44E5-8EFA-ECF6B54C01F3}.Release|x64.Build.0 = Release|x64
		{7742AA9A-3534-44E5-8EFA-ECF6B54C01F3}.Release|x64.Deploy.0 = Release|x64
		{7742AA9A-3534-44E5-8EFA-ECF6B54C01F3}.Release|x86.ActiveCfg = Release|x86
		{7742AA9A-3534-44E5-8EFA-ECF6B54C01F3}.Release|x86.Build.0 = Release|x86
		{7742AA9A-3534-44E5-8EFA-ECF6B54C01F3}.Release|x86.Deploy.0 = Release|x86
		{A0350B84-AFC8-4102-BDC6-336F56344CCE}.Debug|Any CPU.ActiveCfg = Debug|Any CPU
		{A0350B84-AFC8-4102-BDC6-336F56344CCE}.Debug|Any CPU.Build.0 = Debug|Any CPU
		{A0350B84-AFC8-4102-BDC6-336F56344CCE}.Debug|Any CPU.Deploy.0 = Debug|Any CPU
		{A0350B84-AFC8-4102-BDC6-336F56344CCE}.Debug|ARM.ActiveCfg = Debug|Any CPU
		{A0350B84-AFC8-4102-BDC6-336F56344CCE}.Debug|ARM.Build.0 = Debug|Any CPU
		{A0350B84-AFC8-4102-BDC6-336F56344CCE}.Debug|ARM.Deploy.0 = Debug|Any CPU
		{A0350B84-AFC8-4102-BDC6-336F56344CCE}.Debug|iPhone.ActiveCfg = Debug|Any CPU
		{A0350B84-AFC8-4102-BDC6-336F56344CCE}.Debug|iPhone.Build.0 = Debug|Any CPU
		{A0350B84-AFC8-4102-BDC6-336F56344CCE}.Debug|iPhone.Deploy.0 = Debug|Any CPU
		{A0350B84-AFC8-4102-BDC6-336F56344CCE}.Debug|iPhoneSimulator.ActiveCfg = Debug|Any CPU
		{A0350B84-AFC8-4102-BDC6-336F56344CCE}.Debug|iPhoneSimulator.Build.0 = Debug|Any CPU
		{A0350B84-AFC8-4102-BDC6-336F56344CCE}.Debug|iPhoneSimulator.Deploy.0 = Debug|Any CPU
		{A0350B84-AFC8-4102-BDC6-336F56344CCE}.Debug|x64.ActiveCfg = Debug|Any CPU
		{A0350B84-AFC8-4102-BDC6-336F56344CCE}.Debug|x64.Build.0 = Debug|Any CPU
		{A0350B84-AFC8-4102-BDC6-336F56344CCE}.Debug|x64.Deploy.0 = Debug|Any CPU
		{A0350B84-AFC8-4102-BDC6-336F56344CCE}.Debug|x86.ActiveCfg = Debug|Any CPU
		{A0350B84-AFC8-4102-BDC6-336F56344CCE}.Debug|x86.Build.0 = Debug|Any CPU
		{A0350B84-AFC8-4102-BDC6-336F56344CCE}.Debug|x86.Deploy.0 = Debug|Any CPU
		{A0350B84-AFC8-4102-BDC6-336F56344CCE}.Release|Any CPU.ActiveCfg = Release|Any CPU
		{A0350B84-AFC8-4102-BDC6-336F56344CCE}.Release|Any CPU.Build.0 = Release|Any CPU
		{A0350B84-AFC8-4102-BDC6-336F56344CCE}.Release|Any CPU.Deploy.0 = Release|Any CPU
		{A0350B84-AFC8-4102-BDC6-336F56344CCE}.Release|ARM.ActiveCfg = Release|Any CPU
		{A0350B84-AFC8-4102-BDC6-336F56344CCE}.Release|ARM.Build.0 = Release|Any CPU
		{A0350B84-AFC8-4102-BDC6-336F56344CCE}.Release|ARM.Deploy.0 = Release|Any CPU
		{A0350B84-AFC8-4102-BDC6-336F56344CCE}.Release|iPhone.ActiveCfg = Release|Any CPU
		{A0350B84-AFC8-4102-BDC6-336F56344CCE}.Release|iPhone.Build.0 = Release|Any CPU
		{A0350B84-AFC8-4102-BDC6-336F56344CCE}.Release|iPhone.Deploy.0 = Release|Any CPU
		{A0350B84-AFC8-4102-BDC6-336F56344CCE}.Release|iPhoneSimulator.ActiveCfg = Release|Any CPU
		{A0350B84-AFC8-4102-BDC6-336F56344CCE}.Release|iPhoneSimulator.Build.0 = Release|Any CPU
		{A0350B84-AFC8-4102-BDC6-336F56344CCE}.Release|iPhoneSimulator.Deploy.0 = Release|Any CPU
		{A0350B84-AFC8-4102-BDC6-336F56344CCE}.Release|x64.ActiveCfg = Release|Any CPU
		{A0350B84-AFC8-4102-BDC6-336F56344CCE}.Release|x64.Build.0 = Release|Any CPU
		{A0350B84-AFC8-4102-BDC6-336F56344CCE}.Release|x64.Deploy.0 = Release|Any CPU
		{A0350B84-AFC8-4102-BDC6-336F56344CCE}.Release|x86.ActiveCfg = Release|Any CPU
		{A0350B84-AFC8-4102-BDC6-336F56344CCE}.Release|x86.Build.0 = Release|Any CPU
		{A0350B84-AFC8-4102-BDC6-336F56344CCE}.Release|x86.Deploy.0 = Release|Any CPU
		{67B6CD25-0655-421F-AAEC-E39514BA8B6B}.Debug|Any CPU.ActiveCfg = Debug|iPhone
		{67B6CD25-0655-421F-AAEC-E39514BA8B6B}.Debug|Any CPU.Build.0 = Debug|iPhone
		{67B6CD25-0655-421F-AAEC-E39514BA8B6B}.Debug|Any CPU.Deploy.0 = Debug|iPhone
		{67B6CD25-0655-421F-AAEC-E39514BA8B6B}.Debug|ARM.ActiveCfg = Debug|iPhoneSimulator
		{67B6CD25-0655-421F-AAEC-E39514BA8B6B}.Debug|ARM.Build.0 = Debug|iPhoneSimulator
		{67B6CD25-0655-421F-AAEC-E39514BA8B6B}.Debug|ARM.Deploy.0 = Debug|iPhoneSimulator
		{67B6CD25-0655-421F-AAEC-E39514BA8B6B}.Debug|iPhone.ActiveCfg = Debug|iPhone
		{67B6CD25-0655-421F-AAEC-E39514BA8B6B}.Debug|iPhone.Build.0 = Debug|iPhone
		{67B6CD25-0655-421F-AAEC-E39514BA8B6B}.Debug|iPhone.Deploy.0 = Debug|iPhone
		{67B6CD25-0655-421F-AAEC-E39514BA8B6B}.Debug|iPhoneSimulator.ActiveCfg = Debug|iPhoneSimulator
		{67B6CD25-0655-421F-AAEC-E39514BA8B6B}.Debug|iPhoneSimulator.Build.0 = Debug|iPhoneSimulator
		{67B6CD25-0655-421F-AAEC-E39514BA8B6B}.Debug|iPhoneSimulator.Deploy.0 = Debug|iPhoneSimulator
		{67B6CD25-0655-421F-AAEC-E39514BA8B6B}.Debug|x64.ActiveCfg = Debug|iPhone
		{67B6CD25-0655-421F-AAEC-E39514BA8B6B}.Debug|x64.Build.0 = Debug|iPhone
		{67B6CD25-0655-421F-AAEC-E39514BA8B6B}.Debug|x64.Deploy.0 = Debug|iPhone
		{67B6CD25-0655-421F-AAEC-E39514BA8B6B}.Debug|x86.ActiveCfg = Debug|iPhone
		{67B6CD25-0655-421F-AAEC-E39514BA8B6B}.Debug|x86.Build.0 = Debug|iPhone
		{67B6CD25-0655-421F-AAEC-E39514BA8B6B}.Debug|x86.Deploy.0 = Debug|iPhone
		{67B6CD25-0655-421F-AAEC-E39514BA8B6B}.Release|Any CPU.ActiveCfg = Release|iPhone
		{67B6CD25-0655-421F-AAEC-E39514BA8B6B}.Release|Any CPU.Build.0 = Release|iPhone
		{67B6CD25-0655-421F-AAEC-E39514BA8B6B}.Release|Any CPU.Deploy.0 = Release|iPhone
		{67B6CD25-0655-421F-AAEC-E39514BA8B6B}.Release|ARM.ActiveCfg = Release|iPhone
		{67B6CD25-0655-421F-AAEC-E39514BA8B6B}.Release|ARM.Build.0 = Release|iPhone
		{67B6CD25-0655-421F-AAEC-E39514BA8B6B}.Release|ARM.Deploy.0 = Release|iPhone
		{67B6CD25-0655-421F-AAEC-E39514BA8B6B}.Release|iPhone.ActiveCfg = Release|iPhone
		{67B6CD25-0655-421F-AAEC-E39514BA8B6B}.Release|iPhone.Build.0 = Release|iPhone
		{67B6CD25-0655-421F-AAEC-E39514BA8B6B}.Release|iPhone.Deploy.0 = Release|iPhone
		{67B6CD25-0655-421F-AAEC-E39514BA8B6B}.Release|iPhoneSimulator.ActiveCfg = Release|iPhoneSimulator
		{67B6CD25-0655-421F-AAEC-E39514BA8B6B}.Release|iPhoneSimulator.Build.0 = Release|iPhoneSimulator
		{67B6CD25-0655-421F-AAEC-E39514BA8B6B}.Release|iPhoneSimulator.Deploy.0 = Release|iPhoneSimulator
		{67B6CD25-0655-421F-AAEC-E39514BA8B6B}.Release|x64.ActiveCfg = Release|iPhone
		{67B6CD25-0655-421F-AAEC-E39514BA8B6B}.Release|x64.Build.0 = Release|iPhone
		{67B6CD25-0655-421F-AAEC-E39514BA8B6B}.Release|x64.Deploy.0 = Release|iPhone
		{67B6CD25-0655-421F-AAEC-E39514BA8B6B}.Release|x86.ActiveCfg = Release|iPhone
		{67B6CD25-0655-421F-AAEC-E39514BA8B6B}.Release|x86.Build.0 = Release|iPhone
		{67B6CD25-0655-421F-AAEC-E39514BA8B6B}.Release|x86.Deploy.0 = Release|iPhone
		{45510441-ACAC-493C-A039-A05B2B924422}.Debug|Any CPU.ActiveCfg = Debug|Any CPU
		{45510441-ACAC-493C-A039-A05B2B924422}.Debug|Any CPU.Build.0 = Debug|Any CPU
		{45510441-ACAC-493C-A039-A05B2B924422}.Debug|Any CPU.Deploy.0 = Debug|Any CPU
		{45510441-ACAC-493C-A039-A05B2B924422}.Debug|ARM.ActiveCfg = Debug|Any CPU
		{45510441-ACAC-493C-A039-A05B2B924422}.Debug|ARM.Build.0 = Debug|Any CPU
		{45510441-ACAC-493C-A039-A05B2B924422}.Debug|ARM.Deploy.0 = Debug|Any CPU
		{45510441-ACAC-493C-A039-A05B2B924422}.Debug|iPhone.ActiveCfg = Debug|Any CPU
		{45510441-ACAC-493C-A039-A05B2B924422}.Debug|iPhone.Build.0 = Debug|Any CPU
		{45510441-ACAC-493C-A039-A05B2B924422}.Debug|iPhone.Deploy.0 = Debug|Any CPU
		{45510441-ACAC-493C-A039-A05B2B924422}.Debug|iPhoneSimulator.ActiveCfg = Debug|Any CPU
		{45510441-ACAC-493C-A039-A05B2B924422}.Debug|iPhoneSimulator.Build.0 = Debug|Any CPU
		{45510441-ACAC-493C-A039-A05B2B924422}.Debug|iPhoneSimulator.Deploy.0 = Debug|Any CPU
		{45510441-ACAC-493C-A039-A05B2B924422}.Debug|x64.ActiveCfg = Debug|Any CPU
		{45510441-ACAC-493C-A039-A05B2B924422}.Debug|x64.Build.0 = Debug|Any CPU
		{45510441-ACAC-493C-A039-A05B2B924422}.Debug|x64.Deploy.0 = Debug|Any CPU
		{45510441-ACAC-493C-A039-A05B2B924422}.Debug|x86.ActiveCfg = Debug|Any CPU
		{45510441-ACAC-493C-A039-A05B2B924422}.Debug|x86.Build.0 = Debug|Any CPU
		{45510441-ACAC-493C-A039-A05B2B924422}.Debug|x86.Deploy.0 = Debug|Any CPU
		{45510441-ACAC-493C-A039-A05B2B924422}.Release|Any CPU.ActiveCfg = Release|Any CPU
		{45510441-ACAC-493C-A039-A05B2B924422}.Release|Any CPU.Build.0 = Release|Any CPU
		{45510441-ACAC-493C-A039-A05B2B924422}.Release|Any CPU.Deploy.0 = Release|Any CPU
		{45510441-ACAC-493C-A039-A05B2B924422}.Release|ARM.ActiveCfg = Release|Any CPU
		{45510441-ACAC-493C-A039-A05B2B924422}.Release|ARM.Build.0 = Release|Any CPU
		{45510441-ACAC-493C-A039-A05B2B924422}.Release|ARM.Deploy.0 = Release|Any CPU
		{45510441-ACAC-493C-A039-A05B2B924422}.Release|iPhone.ActiveCfg = Release|Any CPU
		{45510441-ACAC-493C-A039-A05B2B924422}.Release|iPhone.Build.0 = Release|Any CPU
		{45510441-ACAC-493C-A039-A05B2B924422}.Release|iPhone.Deploy.0 = Release|Any CPU
		{45510441-ACAC-493C-A039-A05B2B924422}.Release|iPhoneSimulator.ActiveCfg = Release|Any CPU
		{45510441-ACAC-493C-A039-A05B2B924422}.Release|iPhoneSimulator.Build.0 = Release|Any CPU
		{45510441-ACAC-493C-A039-A05B2B924422}.Release|iPhoneSimulator.Deploy.0 = Release|Any CPU
		{45510441-ACAC-493C-A039-A05B2B924422}.Release|x64.ActiveCfg = Release|Any CPU
		{45510441-ACAC-493C-A039-A05B2B924422}.Release|x64.Build.0 = Release|Any CPU
		{45510441-ACAC-493C-A039-A05B2B924422}.Release|x64.Deploy.0 = Release|Any CPU
		{45510441-ACAC-493C-A039-A05B2B924422}.Release|x86.ActiveCfg = Release|Any CPU
		{45510441-ACAC-493C-A039-A05B2B924422}.Release|x86.Build.0 = Release|Any CPU
		{45510441-ACAC-493C-A039-A05B2B924422}.Release|x86.Deploy.0 = Release|Any CPU
	EndGlobalSection
	GlobalSection(SolutionProperties) = preSolution
		HideSolutionNode = FALSE
	EndGlobalSection
	GlobalSection(ExtensibilityGlobals) = postSolution
		SolutionGuid = {4DE4D488-CE89-42A3-94CB-58CB3166A66C}
	EndGlobalSection
EndGlobal
